
Microsoft Visual Studio Solution File, Format Version 12.00
# Visual Studio Version 17
VisualStudioVersion = 17.13.35913.81 d17.13
MinimumVisualStudioVersion = 10.0.40219.1
Project("{FAE04EC0-301F-11D3-BF4B-00C04F79EFBC}") = "AkademiqRapidApiCase", "AkademiqRapidApiCase\AkademiqRapidApiCase.csproj", "{58874F51-BFBD-438E-B6CD-36AD14EACABE}"
EndProject
Global
	GlobalSection(SolutionConfigurationPlatforms) = preSolution
		Debug|Any CPU = Debug|Any CPU
		Release|Any CPU = Release|Any CPU
	EndGlobalSection
	GlobalSection(ProjectConfigurationPlatforms) = postSolution
		{58874F51-BFBD-438E-B6CD-36AD14EACABE}.Debug|Any CPU.ActiveCfg = Debug|Any CPU
		{58874F51-BFBD-438E-B6CD-36AD14EACABE}.Debug|Any CPU.Build.0 = Debug|Any CPU
		{58874F51-BFBD-438E-B6CD-36AD14EACABE}.Release|Any CPU.ActiveCfg = Release|Any CPU
		{58874F51-BFBD-438E-B6CD-36AD14EACABE}.Release|Any CPU.Build.0 = Release|Any CPU
	EndGlobalSection
	GlobalSection(SolutionProperties) = preSolution
		HideSolutionNode = FALSE
	EndGlobalSection
	GlobalSection(ExtensibilityGlobals) = postSolution
		SolutionGuid = {FA81AE2C-25FB-4AF4-8EAC-1180ACF5E2ED}
	EndGlobalSection
EndGlobal
